// !$*UTF8*$!
{
	archiveVersion = 1;
	classes = {
	};
	objectVersion = 55;
	objects = {

/* Begin PBXBuildFile section */
		2B088512286B460F00997C1D /* ComposeMessageView.swift in Sources */ = {isa = PBXBuildFile; fileRef = 2B088511286B460F00997C1D /* ComposeMessageView.swift */; };
		2B144485286F523D00990936 /* Sharing.appex in Embed Foundation Extensions */ = {isa = PBXBuildFile; fileRef = 2B14447B286F523D00990936 /* Sharing.appex */; settings = {ATTRIBUTES = (RemoveHeadersOnCopy, ); }; };
		2B14448E286F90D300990936 /* SFSymbolsView.swift in Sources */ = {isa = PBXBuildFile; fileRef = 2B14448D286F90D300990936 /* SFSymbolsView.swift */; };
		2B1444A928723D5A00990936 /* ShareViewController.swift in Sources */ = {isa = PBXBuildFile; fileRef = 2B1444A828723D5900990936 /* ShareViewController.swift */; };
		2B2748E3286E208200D1807E /* EncryptTests.swift in Sources */ = {isa = PBXBuildFile; fileRef = 2B2748E2286E208200D1807E /* EncryptTests.swift */; };
		2B394CF8286B802D007EBE92 /* SelectContactsView.swift in Sources */ = {isa = PBXBuildFile; fileRef = 2B394CF7286B802D007EBE92 /* SelectContactsView.swift */; };
		2B6C8CA4286DF0DF00A1CB8F /* Encrypt.swift in Sources */ = {isa = PBXBuildFile; fileRef = 2B6C8CA3286DF0DF00A1CB8F /* Encrypt.swift */; };
		2B6C8CB5286E182800A1CB8F /* WhisperTests.swift in Sources */ = {isa = PBXBuildFile; fileRef = 2B6C8CB4286E182800A1CB8F /* WhisperTests.swift */; };
		2B9830E52868BADB000B26DE /* Curve25519.swift in Sources */ = {isa = PBXBuildFile; fileRef = 2B9830E42868BADB000B26DE /* Curve25519.swift */; };
		2BA6D4AB28771BA300683FFF /* FilesView.swift in Sources */ = {isa = PBXBuildFile; fileRef = 2BA6D4AA28771BA300683FFF /* FilesView.swift */; };
		2BA6D4AD28773A6700683FFF /* FilesPicker.swift in Sources */ = {isa = PBXBuildFile; fileRef = 2BA6D4AC28773A6700683FFF /* FilesPicker.swift */; };
		2BB29863287AB87400289054 /* Me.swift in Sources */ = {isa = PBXBuildFile; fileRef = 2BB29862287AB87400289054 /* Me.swift */; };
		2BB29865287AC05800289054 /* PrivacyView.swift in Sources */ = {isa = PBXBuildFile; fileRef = 2BB29864287AC05800289054 /* PrivacyView.swift */; };
		2BB29867287AC57600289054 /* FirstUseView.swift in Sources */ = {isa = PBXBuildFile; fileRef = 2BB29866287AC57600289054 /* FirstUseView.swift */; };
		2BB78B53287885910074B52F /* ImagePicker.swift in Sources */ = {isa = PBXBuildFile; fileRef = 2BB78B52287885910074B52F /* ImagePicker.swift */; };
		2BC11A9C2868C3000002D61D /* WelcomeView.swift in Sources */ = {isa = PBXBuildFile; fileRef = 2BC11A9B2868C3000002D61D /* WelcomeView.swift */; };
		2BC11A9E286900A60002D61D /* NewContact.swift in Sources */ = {isa = PBXBuildFile; fileRef = 2BC11A9D286900A60002D61D /* NewContact.swift */; };
		2BC11AA02869F4710002D61D /* ContactsList.swift in Sources */ = {isa = PBXBuildFile; fileRef = 2BC11A9F2869F4710002D61D /* ContactsList.swift */; };
		2BD62F3E287359FC001DFC7D /* AlertTextField.swift in Sources */ = {isa = PBXBuildFile; fileRef = 2BD62F3D287359FC001DFC7D /* AlertTextField.swift */; };
		2BD62F4028746C59001DFC7D /* Spinning.swift in Sources */ = {isa = PBXBuildFile; fileRef = 2BD62F3F28746C59001DFC7D /* Spinning.swift */; };
		2BD62F422874717C001DFC7D /* GlobalStates.swift in Sources */ = {isa = PBXBuildFile; fileRef = 2BD62F412874717C001DFC7D /* GlobalStates.swift */; };
		2BEC934D286869AB00B0BCCF /* WhisperApp.swift in Sources */ = {isa = PBXBuildFile; fileRef = 2BEC934C286869AB00B0BCCF /* WhisperApp.swift */; };
		2BEC934F286869AB00B0BCCF /* ContentView.swift in Sources */ = {isa = PBXBuildFile; fileRef = 2BEC934E286869AB00B0BCCF /* ContentView.swift */; };
		2BEC9351286869AD00B0BCCF /* Assets.xcassets in Resources */ = {isa = PBXBuildFile; fileRef = 2BEC9350286869AD00B0BCCF /* Assets.xcassets */; };
		2BEC9354286869AD00B0BCCF /* Preview Assets.xcassets in Resources */ = {isa = PBXBuildFile; fileRef = 2BEC9353286869AD00B0BCCF /* Preview Assets.xcassets */; };
		2BEC935D28686D1700B0BCCF /* ContactsView.swift in Sources */ = {isa = PBXBuildFile; fileRef = 2BEC935C28686D1700B0BCCF /* ContactsView.swift */; };
		2BEC935F28686E5D00B0BCCF /* MessagesView.swift in Sources */ = {isa = PBXBuildFile; fileRef = 2BEC935E28686E5D00B0BCCF /* MessagesView.swift */; };
		2BEC9361286877EB00B0BCCF /* SettingsView.swift in Sources */ = {isa = PBXBuildFile; fileRef = 2BEC9360286877EB00B0BCCF /* SettingsView.swift */; };
		2BEC9363286878C300B0BCCF /* ContactDetailsView.swift in Sources */ = {isa = PBXBuildFile; fileRef = 2BEC9362286878C300B0BCCF /* ContactDetailsView.swift */; };
		2BEC936728687C0700B0BCCF /* ContactRow.swift in Sources */ = {isa = PBXBuildFile; fileRef = 2BEC936628687C0700B0BCCF /* ContactRow.swift */; };
		2BF348B128749B5C002ECE39 /* Extension.swift in Sources */ = {isa = PBXBuildFile; fileRef = 2BF348B028749B5C002ECE39 /* Extension.swift */; };
/* End PBXBuildFile section */

/* Begin PBXContainerItemProxy section */
		2B144483286F523D00990936 /* PBXContainerItemProxy */ = {
			isa = PBXContainerItemProxy;
			containerPortal = 2BEC9341286869AA00B0BCCF /* Project object */;
			proxyType = 1;
			remoteGlobalIDString = 2B14447A286F523D00990936;
			remoteInfo = Sharing;
		};
		2B6C8CB6286E182800A1CB8F /* PBXContainerItemProxy */ = {
			isa = PBXContainerItemProxy;
			containerPortal = 2BEC9341286869AA00B0BCCF /* Project object */;
			proxyType = 1;
			remoteGlobalIDString = 2BEC9348286869AA00B0BCCF;
			remoteInfo = Whisper;
		};
/* End PBXContainerItemProxy section */

/* Begin PBXCopyFilesBuildPhase section */
		2B144489286F523D00990936 /* Embed Foundation Extensions */ = {
			isa = PBXCopyFilesBuildPhase;
			buildActionMask = 2147483647;
			dstPath = "";
			dstSubfolderSpec = 13;
			files = (
				2B144485286F523D00990936 /* Sharing.appex in Embed Foundation Extensions */,
			);
			name = "Embed Foundation Extensions";
			runOnlyForDeploymentPostprocessing = 0;
		};
/* End PBXCopyFilesBuildPhase section */

/* Begin PBXFileReference section */
		2B088511286B460F00997C1D /* ComposeMessageView.swift */ = {isa = PBXFileReference; lastKnownFileType = sourcecode.swift; path = ComposeMessageView.swift; sourceTree = "<group>"; };
		2B14447B286F523D00990936 /* Sharing.appex */ = {isa = PBXFileReference; explicitFileType = "wrapper.app-extension"; includeInIndex = 0; path = Sharing.appex; sourceTree = BUILT_PRODUCTS_DIR; };
		2B144482286F523D00990936 /* Info.plist */ = {isa = PBXFileReference; lastKnownFileType = text.plist.xml; path = Info.plist; sourceTree = "<group>"; };
		2B14448D286F90D300990936 /* SFSymbolsView.swift */ = {isa = PBXFileReference; lastKnownFileType = sourcecode.swift; path = SFSymbolsView.swift; sourceTree = "<group>"; };
		2B14448F2871BA7900990936 /* Whisper.entitlements */ = {isa = PBXFileReference; lastKnownFileType = text.plist.entitlements; path = Whisper.entitlements; sourceTree = "<group>"; };
		2B1444902871BB3A00990936 /* Sharing.entitlements */ = {isa = PBXFileReference; lastKnownFileType = text.plist.entitlements; path = Sharing.entitlements; sourceTree = "<group>"; };
		2B1444912871CF6800990936 /* Sharing-Bridging-Header.h */ = {isa = PBXFileReference; lastKnownFileType = sourcecode.c.h; path = "Sharing-Bridging-Header.h"; sourceTree = "<group>"; };
		2B1444A828723D5900990936 /* ShareViewController.swift */ = {isa = PBXFileReference; fileEncoding = 4; lastKnownFileType = sourcecode.swift; path = ShareViewController.swift; sourceTree = "<group>"; };
		2B2748E2286E208200D1807E /* EncryptTests.swift */ = {isa = PBXFileReference; lastKnownFileType = sourcecode.swift; path = EncryptTests.swift; sourceTree = "<group>"; };
		2B328592286CBEDD00E0D036 /* README.md */ = {isa = PBXFileReference; lastKnownFileType = net.daringfireball.markdown; path = README.md; sourceTree = "<group>"; };
		2B394CF7286B802D007EBE92 /* SelectContactsView.swift */ = {isa = PBXFileReference; lastKnownFileType = sourcecode.swift; path = SelectContactsView.swift; sourceTree = "<group>"; };
		2B6C8CA3286DF0DF00A1CB8F /* Encrypt.swift */ = {isa = PBXFileReference; lastKnownFileType = sourcecode.swift; path = Encrypt.swift; sourceTree = "<group>"; };
		2B6C8CB2286E182800A1CB8F /* WhisperTests.xctest */ = {isa = PBXFileReference; explicitFileType = wrapper.cfbundle; includeInIndex = 0; path = WhisperTests.xctest; sourceTree = BUILT_PRODUCTS_DIR; };
		2B6C8CB4286E182800A1CB8F /* WhisperTests.swift */ = {isa = PBXFileReference; lastKnownFileType = sourcecode.swift; path = WhisperTests.swift; sourceTree = "<group>"; };
		2B9830E42868BADB000B26DE /* Curve25519.swift */ = {isa = PBXFileReference; lastKnownFileType = sourcecode.swift; path = Curve25519.swift; sourceTree = "<group>"; };
		2BA6D4AA28771BA300683FFF /* FilesView.swift */ = {isa = PBXFileReference; lastKnownFileType = sourcecode.swift; path = FilesView.swift; sourceTree = "<group>"; };
		2BA6D4AC28773A6700683FFF /* FilesPicker.swift */ = {isa = PBXFileReference; lastKnownFileType = sourcecode.swift; path = FilesPicker.swift; sourceTree = "<group>"; };
		2BB29862287AB87400289054 /* Me.swift */ = {isa = PBXFileReference; lastKnownFileType = sourcecode.swift; path = Me.swift; sourceTree = "<group>"; };
		2BB29864287AC05800289054 /* PrivacyView.swift */ = {isa = PBXFileReference; lastKnownFileType = sourcecode.swift; path = PrivacyView.swift; sourceTree = "<group>"; };
		2BB29866287AC57600289054 /* FirstUseView.swift */ = {isa = PBXFileReference; lastKnownFileType = sourcecode.swift; path = FirstUseView.swift; sourceTree = "<group>"; };
		2BB2986B287B314300289054 /* Info.plist */ = {isa = PBXFileReference; lastKnownFileType = text.plist; path = Info.plist; sourceTree = "<group>"; };
		2BB78B52287885910074B52F /* ImagePicker.swift */ = {isa = PBXFileReference; lastKnownFileType = sourcecode.swift; path = ImagePicker.swift; sourceTree = "<group>"; };
		2BC11A9B2868C3000002D61D /* WelcomeView.swift */ = {isa = PBXFileReference; lastKnownFileType = sourcecode.swift; path = WelcomeView.swift; sourceTree = "<group>"; };
		2BC11A9D286900A60002D61D /* NewContact.swift */ = {isa = PBXFileReference; lastKnownFileType = sourcecode.swift; path = NewContact.swift; sourceTree = "<group>"; };
		2BC11A9F2869F4710002D61D /* ContactsList.swift */ = {isa = PBXFileReference; fileEncoding = 4; lastKnownFileType = sourcecode.swift; path = ContactsList.swift; sourceTree = "<group>"; };
		2BD62F3D287359FC001DFC7D /* AlertTextField.swift */ = {isa = PBXFileReference; lastKnownFileType = sourcecode.swift; path = AlertTextField.swift; sourceTree = "<group>"; };
		2BD62F3F28746C59001DFC7D /* Spinning.swift */ = {isa = PBXFileReference; lastKnownFileType = sourcecode.swift; path = Spinning.swift; sourceTree = "<group>"; };
		2BD62F412874717C001DFC7D /* GlobalStates.swift */ = {isa = PBXFileReference; lastKnownFileType = sourcecode.swift; path = GlobalStates.swift; sourceTree = "<group>"; };
		2BEC9349286869AA00B0BCCF /* Whisper.app */ = {isa = PBXFileReference; explicitFileType = wrapper.application; includeInIndex = 0; path = Whisper.app; sourceTree = BUILT_PRODUCTS_DIR; };
		2BEC934C286869AB00B0BCCF /* WhisperApp.swift */ = {isa = PBXFileReference; lastKnownFileType = sourcecode.swift; path = WhisperApp.swift; sourceTree = "<group>"; };
		2BEC934E286869AB00B0BCCF /* ContentView.swift */ = {isa = PBXFileReference; lastKnownFileType = sourcecode.swift; path = ContentView.swift; sourceTree = "<group>"; };
		2BEC9350286869AD00B0BCCF /* Assets.xcassets */ = {isa = PBXFileReference; lastKnownFileType = folder.assetcatalog; path = Assets.xcassets; sourceTree = "<group>"; };
		2BEC9353286869AD00B0BCCF /* Preview Assets.xcassets */ = {isa = PBXFileReference; lastKnownFileType = folder.assetcatalog; path = "Preview Assets.xcassets"; sourceTree = "<group>"; };
		2BEC935C28686D1700B0BCCF /* ContactsView.swift */ = {isa = PBXFileReference; lastKnownFileType = sourcecode.swift; path = ContactsView.swift; sourceTree = "<group>"; };
		2BEC935E28686E5D00B0BCCF /* MessagesView.swift */ = {isa = PBXFileReference; lastKnownFileType = sourcecode.swift; path = MessagesView.swift; sourceTree = "<group>"; };
		2BEC9360286877EB00B0BCCF /* SettingsView.swift */ = {isa = PBXFileReference; fileEncoding = 4; lastKnownFileType = sourcecode.swift; path = SettingsView.swift; sourceTree = "<group>"; };
		2BEC9362286878C300B0BCCF /* ContactDetailsView.swift */ = {isa = PBXFileReference; lastKnownFileType = sourcecode.swift; path = ContactDetailsView.swift; sourceTree = "<group>"; };
		2BEC936628687C0700B0BCCF /* ContactRow.swift */ = {isa = PBXFileReference; lastKnownFileType = sourcecode.swift; path = ContactRow.swift; sourceTree = "<group>"; };
		2BF348B028749B5C002ECE39 /* Extension.swift */ = {isa = PBXFileReference; lastKnownFileType = sourcecode.swift; path = Extension.swift; sourceTree = "<group>"; };
/* End PBXFileReference section */

/* Begin PBXFrameworksBuildPhase section */
		2B144478286F523D00990936 /* Frameworks */ = {
			isa = PBXFrameworksBuildPhase;
			buildActionMask = 2147483647;
			files = (
			);
			runOnlyForDeploymentPostprocessing = 0;
		};
		2B6C8CAF286E182800A1CB8F /* Frameworks */ = {
			isa = PBXFrameworksBuildPhase;
			buildActionMask = 2147483647;
			files = (
			);
			runOnlyForDeploymentPostprocessing = 0;
		};
		2BEC9346286869AA00B0BCCF /* Frameworks */ = {
			isa = PBXFrameworksBuildPhase;
			buildActionMask = 2147483647;
			files = (
			);
			runOnlyForDeploymentPostprocessing = 0;
		};
/* End PBXFrameworksBuildPhase section */

/* Begin PBXGroup section */
		2B088510286B3DC100997C1D /* Contacts */ = {
			isa = PBXGroup;
			children = (
				2BC11A9D286900A60002D61D /* NewContact.swift */,
				2BEC936628687C0700B0BCCF /* ContactRow.swift */,
				2BC11A9F2869F4710002D61D /* ContactsList.swift */,
				2BEC9362286878C300B0BCCF /* ContactDetailsView.swift */,
				2BEC935C28686D1700B0BCCF /* ContactsView.swift */,
				2B394CF7286B802D007EBE92 /* SelectContactsView.swift */,
				2B14448D286F90D300990936 /* SFSymbolsView.swift */,
			);
			path = Contacts;
			sourceTree = "<group>";
		};
		2B14447C286F523D00990936 /* Sharing */ = {
			isa = PBXGroup;
			children = (
				2B1444A828723D5900990936 /* ShareViewController.swift */,
				2B1444902871BB3A00990936 /* Sharing.entitlements */,
				2B144482286F523D00990936 /* Info.plist */,
				2B1444912871CF6800990936 /* Sharing-Bridging-Header.h */,
			);
			path = Sharing;
			sourceTree = "<group>";
		};
		2B62169D286A2E0B00106F1B /* Messages */ = {
			isa = PBXGroup;
			children = (
				2BEC935E28686E5D00B0BCCF /* MessagesView.swift */,
				2B088511286B460F00997C1D /* ComposeMessageView.swift */,
				2BA6D4AC28773A6700683FFF /* FilesPicker.swift */,
				2BB78B52287885910074B52F /* ImagePicker.swift */,
			);
			path = Messages;
			sourceTree = "<group>";
		};
		2B6C8CB3286E182800A1CB8F /* WhisperTests */ = {
			isa = PBXGroup;
			children = (
				2B6C8CB4286E182800A1CB8F /* WhisperTests.swift */,
			);
			path = WhisperTests;
			sourceTree = "<group>";
		};
		2B9830E62868BBC4000B26DE /* Crypto */ = {
			isa = PBXGroup;
			children = (
				2B9830E42868BADB000B26DE /* Curve25519.swift */,
				2B6C8CA3286DF0DF00A1CB8F /* Encrypt.swift */,
				2B2748E2286E208200D1807E /* EncryptTests.swift */,
			);
			path = Crypto;
			sourceTree = "<group>";
		};
		2BA6D4A928771B7D00683FFF /* Files */ = {
			isa = PBXGroup;
			children = (
				2BA6D4AA28771BA300683FFF /* FilesView.swift */,
			);
			path = Files;
			sourceTree = "<group>";
		};
		2BC11A9A2868C2D40002D61D /* Welcome */ = {
			isa = PBXGroup;
			children = (
				2BC11A9B2868C3000002D61D /* WelcomeView.swift */,
				2BB29866287AC57600289054 /* FirstUseView.swift */,
			);
			path = Welcome;
			sourceTree = "<group>";
		};
		2BC11AA12869F7230002D61D /* Settings */ = {
			isa = PBXGroup;
			children = (
				2BEC9360286877EB00B0BCCF /* SettingsView.swift */,
				2BB29862287AB87400289054 /* Me.swift */,
				2BB29864287AC05800289054 /* PrivacyView.swift */,
			);
			path = Settings;
			sourceTree = "<group>";
		};
		2BD62F3C2873593C001DFC7D /* Utils */ = {
			isa = PBXGroup;
			children = (
				2BD62F3D287359FC001DFC7D /* AlertTextField.swift */,
				2BD62F3F28746C59001DFC7D /* Spinning.swift */,
				2BF348B028749B5C002ECE39 /* Extension.swift */,
			);
			path = Utils;
			sourceTree = "<group>";
		};
		2BEC9340286869AA00B0BCCF = {
			isa = PBXGroup;
			children = (
				2B6C8CB3286E182800A1CB8F /* WhisperTests */,
				2B14447C286F523D00990936 /* Sharing */,
				2BEC934A286869AA00B0BCCF /* Products */,
				2BEC934B286869AA00B0BCCF /* Whisper */,
			);
			sourceTree = "<group>";
		};
		2BEC934A286869AA00B0BCCF /* Products */ = {
			isa = PBXGroup;
			children = (
				2BEC9349286869AA00B0BCCF /* Whisper.app */,
				2B6C8CB2286E182800A1CB8F /* WhisperTests.xctest */,
				2B14447B286F523D00990936 /* Sharing.appex */,
			);
			name = Products;
			sourceTree = "<group>";
		};
		2BEC934B286869AA00B0BCCF /* Whisper */ = {
			isa = PBXGroup;
			children = (
				2BB2986B287B314300289054 /* Info.plist */,
				2BA6D4A928771B7D00683FFF /* Files */,
				2BD62F3C2873593C001DFC7D /* Utils */,
				2B14448F2871BA7900990936 /* Whisper.entitlements */,
				2B088510286B3DC100997C1D /* Contacts */,
				2B62169D286A2E0B00106F1B /* Messages */,
				2BC11AA12869F7230002D61D /* Settings */,
				2BC11A9A2868C2D40002D61D /* Welcome */,
				2BEC934C286869AB00B0BCCF /* WhisperApp.swift */,
				2BEC934E286869AB00B0BCCF /* ContentView.swift */,
				2BEC9350286869AD00B0BCCF /* Assets.xcassets */,
				2BEC9352286869AD00B0BCCF /* Preview Content */,
				2B9830E62868BBC4000B26DE /* Crypto */,
				2B328592286CBEDD00E0D036 /* README.md */,
				2BD62F412874717C001DFC7D /* GlobalStates.swift */,
			);
			path = Whisper;
			sourceTree = "<group>";
		};
		2BEC9352286869AD00B0BCCF /* Preview Content */ = {
			isa = PBXGroup;
			children = (
				2BEC9353286869AD00B0BCCF /* Preview Assets.xcassets */,
			);
			path = "Preview Content";
			sourceTree = "<group>";
		};
/* End PBXGroup section */

/* Begin PBXNativeTarget section */
		2B14447A286F523D00990936 /* Sharing */ = {
			isa = PBXNativeTarget;
			buildConfigurationList = 2B144486286F523D00990936 /* Build configuration list for PBXNativeTarget "Sharing" */;
			buildPhases = (
				2B144477286F523D00990936 /* Sources */,
				2B144478286F523D00990936 /* Frameworks */,
				2B144479286F523D00990936 /* Resources */,
			);
			buildRules = (
			);
			dependencies = (
			);
			name = Sharing;
			productName = Sharing;
			productReference = 2B14447B286F523D00990936 /* Sharing.appex */;
			productType = "com.apple.product-type.app-extension";
		};
		2B6C8CB1286E182800A1CB8F /* WhisperTests */ = {
			isa = PBXNativeTarget;
			buildConfigurationList = 2B6C8CB8286E182800A1CB8F /* Build configuration list for PBXNativeTarget "WhisperTests" */;
			buildPhases = (
				2B6C8CAE286E182800A1CB8F /* Sources */,
				2B6C8CAF286E182800A1CB8F /* Frameworks */,
				2B6C8CB0286E182800A1CB8F /* Resources */,
			);
			buildRules = (
			);
			dependencies = (
				2B6C8CB7286E182800A1CB8F /* PBXTargetDependency */,
			);
			name = WhisperTests;
			productName = WhisperTests;
			productReference = 2B6C8CB2286E182800A1CB8F /* WhisperTests.xctest */;
			productType = "com.apple.product-type.bundle.unit-test";
		};
		2BEC9348286869AA00B0BCCF /* Whisper */ = {
			isa = PBXNativeTarget;
			buildConfigurationList = 2BEC9357286869AD00B0BCCF /* Build configuration list for PBXNativeTarget "Whisper" */;
			buildPhases = (
				2BEC9345286869AA00B0BCCF /* Sources */,
				2BEC9346286869AA00B0BCCF /* Frameworks */,
				2BEC9347286869AA00B0BCCF /* Resources */,
				2B144489286F523D00990936 /* Embed Foundation Extensions */,
			);
			buildRules = (
			);
			dependencies = (
				2B144484286F523D00990936 /* PBXTargetDependency */,
			);
			name = Whisper;
			packageProductDependencies = (
			);
			productName = Whisper;
			productReference = 2BEC9349286869AA00B0BCCF /* Whisper.app */;
			productType = "com.apple.product-type.application";
		};
/* End PBXNativeTarget section */

/* Begin PBXProject section */
		2BEC9341286869AA00B0BCCF /* Project object */ = {
			isa = PBXProject;
			attributes = {
				BuildIndependentTargetsInParallel = 1;
				LastSwiftUpdateCheck = 1400;
				LastUpgradeCheck = 1340;
				TargetAttributes = {
					2B14447A286F523D00990936 = {
						CreatedOnToolsVersion = 14.0;
						LastSwiftMigration = 1400;
					};
					2B6C8CB1286E182800A1CB8F = {
						CreatedOnToolsVersion = 14.0;
						TestTargetID = 2BEC9348286869AA00B0BCCF;
					};
					2BEC9348286869AA00B0BCCF = {
						CreatedOnToolsVersion = 13.4.1;
					};
				};
			};
			buildConfigurationList = 2BEC9344286869AA00B0BCCF /* Build configuration list for PBXProject "Whisper" */;
			compatibilityVersion = "Xcode 13.0";
			developmentRegion = en;
			hasScannedForEncodings = 0;
			knownRegions = (
				en,
				Base,
			);
			mainGroup = 2BEC9340286869AA00B0BCCF;
			packageReferences = (
			);
			productRefGroup = 2BEC934A286869AA00B0BCCF /* Products */;
			projectDirPath = "";
			projectRoot = "";
			targets = (
				2BEC9348286869AA00B0BCCF /* Whisper */,
				2B6C8CB1286E182800A1CB8F /* WhisperTests */,
				2B14447A286F523D00990936 /* Sharing */,
			);
		};
/* End PBXProject section */

/* Begin PBXResourcesBuildPhase section */
		2B144479286F523D00990936 /* Resources */ = {
			isa = PBXResourcesBuildPhase;
			buildActionMask = 2147483647;
			files = (
			);
			runOnlyForDeploymentPostprocessing = 0;
		};
		2B6C8CB0286E182800A1CB8F /* Resources */ = {
			isa = PBXResourcesBuildPhase;
			buildActionMask = 2147483647;
			files = (
			);
			runOnlyForDeploymentPostprocessing = 0;
		};
		2BEC9347286869AA00B0BCCF /* Resources */ = {
			isa = PBXResourcesBuildPhase;
			buildActionMask = 2147483647;
			files = (
				2BEC9354286869AD00B0BCCF /* Preview Assets.xcassets in Resources */,
				2BEC9351286869AD00B0BCCF /* Assets.xcassets in Resources */,
			);
			runOnlyForDeploymentPostprocessing = 0;
		};
/* End PBXResourcesBuildPhase section */

/* Begin PBXSourcesBuildPhase section */
		2B144477286F523D00990936 /* Sources */ = {
			isa = PBXSourcesBuildPhase;
			buildActionMask = 2147483647;
			files = (
				2B1444A928723D5A00990936 /* ShareViewController.swift in Sources */,
			);
			runOnlyForDeploymentPostprocessing = 0;
		};
		2B6C8CAE286E182800A1CB8F /* Sources */ = {
			isa = PBXSourcesBuildPhase;
			buildActionMask = 2147483647;
			files = (
				2B6C8CB5286E182800A1CB8F /* WhisperTests.swift in Sources */,
				2B2748E3286E208200D1807E /* EncryptTests.swift in Sources */,
			);
			runOnlyForDeploymentPostprocessing = 0;
		};
		2BEC9345286869AA00B0BCCF /* Sources */ = {
			isa = PBXSourcesBuildPhase;
			buildActionMask = 2147483647;
			files = (
				2BD62F422874717C001DFC7D /* GlobalStates.swift in Sources */,
				2BEC9361286877EB00B0BCCF /* SettingsView.swift in Sources */,
				2BEC9363286878C300B0BCCF /* ContactDetailsView.swift in Sources */,
				2BEC935F28686E5D00B0BCCF /* MessagesView.swift in Sources */,
				2BA6D4AB28771BA300683FFF /* FilesView.swift in Sources */,
				2BC11A9E286900A60002D61D /* NewContact.swift in Sources */,
				2BEC935D28686D1700B0BCCF /* ContactsView.swift in Sources */,
				2BEC934F286869AB00B0BCCF /* ContentView.swift in Sources */,
				2BC11A9C2868C3000002D61D /* WelcomeView.swift in Sources */,
				2BD62F3E287359FC001DFC7D /* AlertTextField.swift in Sources */,
				2B9830E52868BADB000B26DE /* Curve25519.swift in Sources */,
				2BB29863287AB87400289054 /* Me.swift in Sources */,
				2BB29867287AC57600289054 /* FirstUseView.swift in Sources */,
				2BEC934D286869AB00B0BCCF /* WhisperApp.swift in Sources */,
				2B6C8CA4286DF0DF00A1CB8F /* Encrypt.swift in Sources */,
				2BB29865287AC05800289054 /* PrivacyView.swift in Sources */,
				2B14448E286F90D300990936 /* SFSymbolsView.swift in Sources */,
				2BB78B53287885910074B52F /* ImagePicker.swift in Sources */,
				2B088512286B460F00997C1D /* ComposeMessageView.swift in Sources */,
				2BF348B128749B5C002ECE39 /* Extension.swift in Sources */,
				2BEC936728687C0700B0BCCF /* ContactRow.swift in Sources */,
				2BD62F4028746C59001DFC7D /* Spinning.swift in Sources */,
				2B394CF8286B802D007EBE92 /* SelectContactsView.swift in Sources */,
				2BC11AA02869F4710002D61D /* ContactsList.swift in Sources */,
				2BA6D4AD28773A6700683FFF /* FilesPicker.swift in Sources */,
			);
			runOnlyForDeploymentPostprocessing = 0;
		};
/* End PBXSourcesBuildPhase section */

/* Begin PBXTargetDependency section */
		2B144484286F523D00990936 /* PBXTargetDependency */ = {
			isa = PBXTargetDependency;
			target = 2B14447A286F523D00990936 /* Sharing */;
			targetProxy = 2B144483286F523D00990936 /* PBXContainerItemProxy */;
		};
		2B6C8CB7286E182800A1CB8F /* PBXTargetDependency */ = {
			isa = PBXTargetDependency;
			target = 2BEC9348286869AA00B0BCCF /* Whisper */;
			targetProxy = 2B6C8CB6286E182800A1CB8F /* PBXContainerItemProxy */;
		};
/* End PBXTargetDependency section */

/* Begin XCBuildConfiguration section */
		2B144487286F523D00990936 /* Debug */ = {
			isa = XCBuildConfiguration;
			buildSettings = {
				CLANG_ENABLE_MODULES = YES;
				CODE_SIGN_ENTITLEMENTS = Sharing/Sharing.entitlements;
				CODE_SIGN_STYLE = Automatic;
				CURRENT_PROJECT_VERSION = 1;
				DEVELOPMENT_TEAM = U7W7348666;
				GENERATE_INFOPLIST_FILE = YES;
				INFOPLIST_FILE = Sharing/Info.plist;
				INFOPLIST_KEY_CFBundleDisplayName = Sharing;
				INFOPLIST_KEY_NSHumanReadableCopyright = "";
				IPHONEOS_DEPLOYMENT_TARGET = 16.0;
				LD_RUNPATH_SEARCH_PATHS = (
					"$(inherited)",
					"@executable_path/Frameworks",
					"@executable_path/../../Frameworks",
				);
				MARKETING_VERSION = 1.0;
				PRODUCT_BUNDLE_IDENTIFIER = com.twofei.Whisper.Sharing;
				PRODUCT_NAME = "$(TARGET_NAME)";
				SKIP_INSTALL = YES;
				SWIFT_EMIT_LOC_STRINGS = YES;
				SWIFT_OBJC_BRIDGING_HEADER = "Sharing/Sharing-Bridging-Header.h";
				SWIFT_OPTIMIZATION_LEVEL = "-Onone";
				SWIFT_VERSION = 5.0;
				TARGETED_DEVICE_FAMILY = "1,2";
			};
			name = Debug;
		};
		2B144488286F523D00990936 /* Release */ = {
			isa = XCBuildConfiguration;
			buildSettings = {
				CLANG_ENABLE_MODULES = YES;
				CODE_SIGN_ENTITLEMENTS = Sharing/Sharing.entitlements;
				CODE_SIGN_IDENTITY = "Apple Development";
				CODE_SIGN_STYLE = Automatic;
				CURRENT_PROJECT_VERSION = 1;
				DEVELOPMENT_TEAM = U7W7348666;
				GENERATE_INFOPLIST_FILE = YES;
				INFOPLIST_FILE = Sharing/Info.plist;
				INFOPLIST_KEY_CFBundleDisplayName = Sharing;
				INFOPLIST_KEY_NSHumanReadableCopyright = "";
				IPHONEOS_DEPLOYMENT_TARGET = 16.0;
				LD_RUNPATH_SEARCH_PATHS = (
					"$(inherited)",
					"@executable_path/Frameworks",
					"@executable_path/../../Frameworks",
				);
				MARKETING_VERSION = 1.0;
				PRODUCT_BUNDLE_IDENTIFIER = com.twofei.Whisper.Sharing;
				PRODUCT_NAME = "$(TARGET_NAME)";
				SKIP_INSTALL = YES;
				SWIFT_EMIT_LOC_STRINGS = YES;
				SWIFT_OBJC_BRIDGING_HEADER = "Sharing/Sharing-Bridging-Header.h";
				SWIFT_VERSION = 5.0;
				TARGETED_DEVICE_FAMILY = "1,2";
			};
			name = Release;
		};
		2B6C8CB9286E182800A1CB8F /* Debug */ = {
			isa = XCBuildConfiguration;
			buildSettings = {
				BUNDLE_LOADER = "$(TEST_HOST)";
				CODE_SIGN_STYLE = Automatic;
				CURRENT_PROJECT_VERSION = 1;
				DEVELOPMENT_TEAM = U7W7348666;
				GENERATE_INFOPLIST_FILE = YES;
				IPHONEOS_DEPLOYMENT_TARGET = 16.0;
				MARKETING_VERSION = 1.0;
				PRODUCT_BUNDLE_IDENTIFIER = com.twofei.WhisperTests;
				PRODUCT_NAME = "$(TARGET_NAME)";
				SWIFT_EMIT_LOC_STRINGS = NO;
				SWIFT_VERSION = 5.0;
				TARGETED_DEVICE_FAMILY = "1,2";
				TEST_HOST = "$(BUILT_PRODUCTS_DIR)/Whisper.app/$(BUNDLE_EXECUTABLE_FOLDER_PATH)/Whisper";
			};
			name = Debug;
		};
		2B6C8CBA286E182800A1CB8F /* Release */ = {
			isa = XCBuildConfiguration;
			buildSettings = {
				BUNDLE_LOADER = "$(TEST_HOST)";
				CODE_SIGN_STYLE = Automatic;
				CURRENT_PROJECT_VERSION = 1;
				DEVELOPMENT_TEAM = U7W7348666;
				GENERATE_INFOPLIST_FILE = YES;
				IPHONEOS_DEPLOYMENT_TARGET = 16.0;
				MARKETING_VERSION = 1.0;
				PRODUCT_BUNDLE_IDENTIFIER = com.twofei.WhisperTests;
				PRODUCT_NAME = "$(TARGET_NAME)";
				SWIFT_EMIT_LOC_STRINGS = NO;
				SWIFT_VERSION = 5.0;
				TARGETED_DEVICE_FAMILY = "1,2";
				TEST_HOST = "$(BUILT_PRODUCTS_DIR)/Whisper.app/$(BUNDLE_EXECUTABLE_FOLDER_PATH)/Whisper";
			};
			name = Release;
		};
		2BEC9355286869AD00B0BCCF /* Debug */ = {
			isa = XCBuildConfiguration;
			buildSettings = {
				ALWAYS_SEARCH_USER_PATHS = NO;
				CLANG_ANALYZER_NONNULL = YES;
				CLANG_ANALYZER_NUMBER_OBJECT_CONVERSION = YES_AGGRESSIVE;
				CLANG_CXX_LANGUAGE_STANDARD = "gnu++17";
				CLANG_ENABLE_MODULES = YES;
				CLANG_ENABLE_OBJC_ARC = YES;
				CLANG_ENABLE_OBJC_WEAK = YES;
				CLANG_WARN_BLOCK_CAPTURE_AUTORELEASING = YES;
				CLANG_WARN_BOOL_CONVERSION = YES;
				CLANG_WARN_COMMA = YES;
				CLANG_WARN_CONSTANT_CONVERSION = YES;
				CLANG_WARN_DEPRECATED_OBJC_IMPLEMENTATIONS = YES;
				CLANG_WARN_DIRECT_OBJC_ISA_USAGE = YES_ERROR;
				CLANG_WARN_DOCUMENTATION_COMMENTS = YES;
				CLANG_WARN_EMPTY_BODY = YES;
				CLANG_WARN_ENUM_CONVERSION = YES;
				CLANG_WARN_INFINITE_RECURSION = YES;
				CLANG_WARN_INT_CONVERSION = YES;
				CLANG_WARN_NON_LITERAL_NULL_CONVERSION = YES;
				CLANG_WARN_OBJC_IMPLICIT_RETAIN_SELF = YES;
				CLANG_WARN_OBJC_LITERAL_CONVERSION = YES;
				CLANG_WARN_OBJC_ROOT_CLASS = YES_ERROR;
				CLANG_WARN_QUOTED_INCLUDE_IN_FRAMEWORK_HEADER = YES;
				CLANG_WARN_RANGE_LOOP_ANALYSIS = YES;
				CLANG_WARN_STRICT_PROTOTYPES = YES;
				CLANG_WARN_SUSPICIOUS_MOVE = YES;
				CLANG_WARN_UNGUARDED_AVAILABILITY = YES_AGGRESSIVE;
				CLANG_WARN_UNREACHABLE_CODE = YES;
				CLANG_WARN__DUPLICATE_METHOD_MATCH = YES;
				COPY_PHASE_STRIP = NO;
				DEBUG_INFORMATION_FORMAT = dwarf;
				ENABLE_STRICT_OBJC_MSGSEND = YES;
				ENABLE_TESTABILITY = YES;
				GCC_C_LANGUAGE_STANDARD = gnu11;
				GCC_DYNAMIC_NO_PIC = NO;
				GCC_NO_COMMON_BLOCKS = YES;
				GCC_OPTIMIZATION_LEVEL = 0;
				GCC_PREPROCESSOR_DEFINITIONS = (
					"DEBUG=1",
					"$(inherited)",
				);
				GCC_WARN_64_TO_32_BIT_CONVERSION = YES;
				GCC_WARN_ABOUT_RETURN_TYPE = YES_ERROR;
				GCC_WARN_UNDECLARED_SELECTOR = YES;
				GCC_WARN_UNINITIALIZED_AUTOS = YES_AGGRESSIVE;
				GCC_WARN_UNUSED_FUNCTION = YES;
				GCC_WARN_UNUSED_VARIABLE = YES;
				IPHONEOS_DEPLOYMENT_TARGET = 15.0;
				MTL_ENABLE_DEBUG_INFO = INCLUDE_SOURCE;
				MTL_FAST_MATH = YES;
				ONLY_ACTIVE_ARCH = YES;
				SDKROOT = iphoneos;
				SWIFT_ACTIVE_COMPILATION_CONDITIONS = DEBUG;
				SWIFT_OPTIMIZATION_LEVEL = "-Onone";
			};
			name = Debug;
		};
		2BEC9356286869AD00B0BCCF /* Release */ = {
			isa = XCBuildConfiguration;
			buildSettings = {
				ALWAYS_SEARCH_USER_PATHS = NO;
				CLANG_ANALYZER_NONNULL = YES;
				CLANG_ANALYZER_NUMBER_OBJECT_CONVERSION = YES_AGGRESSIVE;
				CLANG_CXX_LANGUAGE_STANDARD = "gnu++17";
				CLANG_ENABLE_MODULES = YES;
				CLANG_ENABLE_OBJC_ARC = YES;
				CLANG_ENABLE_OBJC_WEAK = YES;
				CLANG_WARN_BLOCK_CAPTURE_AUTORELEASING = YES;
				CLANG_WARN_BOOL_CONVERSION = YES;
				CLANG_WARN_COMMA = YES;
				CLANG_WARN_CONSTANT_CONVERSION = YES;
				CLANG_WARN_DEPRECATED_OBJC_IMPLEMENTATIONS = YES;
				CLANG_WARN_DIRECT_OBJC_ISA_USAGE = YES_ERROR;
				CLANG_WARN_DOCUMENTATION_COMMENTS = YES;
				CLANG_WARN_EMPTY_BODY = YES;
				CLANG_WARN_ENUM_CONVERSION = YES;
				CLANG_WARN_INFINITE_RECURSION = YES;
				CLANG_WARN_INT_CONVERSION = YES;
				CLANG_WARN_NON_LITERAL_NULL_CONVERSION = YES;
				CLANG_WARN_OBJC_IMPLICIT_RETAIN_SELF = YES;
				CLANG_WARN_OBJC_LITERAL_CONVERSION = YES;
				CLANG_WARN_OBJC_ROOT_CLASS = YES_ERROR;
				CLANG_WARN_QUOTED_INCLUDE_IN_FRAMEWORK_HEADER = YES;
				CLANG_WARN_RANGE_LOOP_ANALYSIS = YES;
				CLANG_WARN_STRICT_PROTOTYPES = YES;
				CLANG_WARN_SUSPICIOUS_MOVE = YES;
				CLANG_WARN_UNGUARDED_AVAILABILITY = YES_AGGRESSIVE;
				CLANG_WARN_UNREACHABLE_CODE = YES;
				CLANG_WARN__DUPLICATE_METHOD_MATCH = YES;
				COPY_PHASE_STRIP = NO;
				DEBUG_INFORMATION_FORMAT = "dwarf-with-dsym";
				ENABLE_NS_ASSERTIONS = NO;
				ENABLE_STRICT_OBJC_MSGSEND = YES;
				GCC_C_LANGUAGE_STANDARD = gnu11;
				GCC_NO_COMMON_BLOCKS = YES;
				GCC_WARN_64_TO_32_BIT_CONVERSION = YES;
				GCC_WARN_ABOUT_RETURN_TYPE = YES_ERROR;
				GCC_WARN_UNDECLARED_SELECTOR = YES;
				GCC_WARN_UNINITIALIZED_AUTOS = YES_AGGRESSIVE;
				GCC_WARN_UNUSED_FUNCTION = YES;
				GCC_WARN_UNUSED_VARIABLE = YES;
				IPHONEOS_DEPLOYMENT_TARGET = 15.0;
				MTL_ENABLE_DEBUG_INFO = NO;
				MTL_FAST_MATH = YES;
				SDKROOT = iphoneos;
				SWIFT_COMPILATION_MODE = wholemodule;
				SWIFT_OPTIMIZATION_LEVEL = "-O";
				VALIDATE_PRODUCT = YES;
			};
			name = Release;
		};
		2BEC9358286869AD00B0BCCF /* Debug */ = {
			isa = XCBuildConfiguration;
			buildSettings = {
				ALWAYS_EMBED_SWIFT_STANDARD_LIBRARIES = YES;
				ASSETCATALOG_COMPILER_APPICON_NAME = AppIcon;
				ASSETCATALOG_COMPILER_GLOBAL_ACCENT_COLOR_NAME = AccentColor;
				CODE_SIGN_ENTITLEMENTS = Whisper/Whisper.entitlements;
				CODE_SIGN_STYLE = Automatic;
				CURRENT_PROJECT_VERSION = 1;
				DEVELOPMENT_ASSET_PATHS = "\"Whisper/Preview Content\"";
				DEVELOPMENT_TEAM = U7W7348666;
				ENABLE_PREVIEWS = YES;
				GENERATE_INFOPLIST_FILE = YES;
				INFOPLIST_FILE = Whisper/Info.plist;
				INFOPLIST_KEY_NSCameraUsageDescription = "允许访问相机以拍照。";
				INFOPLIST_KEY_NSFaceIDUsageDescription = "启用以登录。";
				INFOPLIST_KEY_NSMicrophoneUsageDescription = "允许访问麦克风以录制视频。";
				INFOPLIST_KEY_UIApplicationSceneManifest_Generation = YES;
				INFOPLIST_KEY_UIApplicationSupportsIndirectInputEvents = YES;
				INFOPLIST_KEY_UILaunchScreen_Generation = YES;
				INFOPLIST_KEY_UISupportedInterfaceOrientations = UIInterfaceOrientationPortrait;
				INFOPLIST_KEY_UISupportedInterfaceOrientations_iPad = "UIInterfaceOrientationLandscapeLeft UIInterfaceOrientationLandscapeRight UIInterfaceOrientationPortraitUpsideDown";
				LD_RUNPATH_SEARCH_PATHS = (
					"$(inherited)",
					"@executable_path/Frameworks",
				);
				MACOSX_DEPLOYMENT_TARGET = 12.0;
				MARKETING_VERSION = 1.0;
				PRODUCT_BUNDLE_IDENTIFIER = com.twofei.Whisper;
				PRODUCT_NAME = "$(TARGET_NAME)";
				SUPPORTED_PLATFORMS = "iphoneos iphonesimulator";
				SUPPORTS_MACCATALYST = NO;
				SUPPORTS_MAC_DESIGNED_FOR_IPHONE_IPAD = NO;
				SWIFT_EMIT_LOC_STRINGS = YES;
				SWIFT_VERSION = 5.0;
				TARGETED_DEVICE_FAMILY = 1;
			};
			name = Debug;
		};
		2BEC9359286869AD00B0BCCF /* Release */ = {
			isa = XCBuildConfiguration;
			buildSettings = {
				ALWAYS_EMBED_SWIFT_STANDARD_LIBRARIES = YES;
				ASSETCATALOG_COMPILER_APPICON_NAME = AppIcon;
				ASSETCATALOG_COMPILER_GLOBAL_ACCENT_COLOR_NAME = AccentColor;
				CODE_SIGN_ENTITLEMENTS = Whisper/Whisper.entitlements;
				CODE_SIGN_IDENTITY = "Apple Development";
				CODE_SIGN_STYLE = Automatic;
				CURRENT_PROJECT_VERSION = 1;
				DEVELOPMENT_ASSET_PATHS = "\"Whisper/Preview Content\"";
				DEVELOPMENT_TEAM = U7W7348666;
				ENABLE_PREVIEWS = YES;
				GENERATE_INFOPLIST_FILE = YES;
				INFOPLIST_FILE = Whisper/Info.plist;
				INFOPLIST_KEY_NSCameraUsageDescription = "允许访问相机以拍照。";
				INFOPLIST_KEY_NSFaceIDUsageDescription = "启用以登录。";
				INFOPLIST_KEY_NSMicrophoneUsageDescription = "允许访问麦克风以录制视频。";
				INFOPLIST_KEY_UIApplicationSceneManifest_Generation = YES;
				INFOPLIST_KEY_UIApplicationSupportsIndirectInputEvents = YES;
				INFOPLIST_KEY_UILaunchScreen_Generation = YES;
				INFOPLIST_KEY_UISupportedInterfaceOrientations = UIInterfaceOrientationPortrait;
				INFOPLIST_KEY_UISupportedInterfaceOrientations_iPad = "UIInterfaceOrientationLandscapeLeft UIInterfaceOrientationLandscapeRight UIInterfaceOrientationPortraitUpsideDown";
				LD_RUNPATH_SEARCH_PATHS = (
					"$(inherited)",
					"@executable_path/Frameworks",
				);
				MACOSX_DEPLOYMENT_TARGET = 12.0;
				MARKETING_VERSION = 1.0;
				PRODUCT_BUNDLE_IDENTIFIER = com.twofei.Whisper;
				PRODUCT_NAME = "$(TARGET_NAME)";
				PROVISIONING_PROFILE_SPECIFIER = "";
				SUPPORTED_PLATFORMS = "iphoneos iphonesimulator";
				SUPPORTS_MACCATALYST = NO;
				SUPPORTS_MAC_DESIGNED_FOR_IPHONE_IPAD = NO;
				SWIFT_EMIT_LOC_STRINGS = YES;
				SWIFT_VERSION = 5.0;
				TARGETED_DEVICE_FAMILY = 1;
			};
			name = Release;
		};
/* End XCBuildConfiguration section */

/* Begin XCConfigurationList section */
		2B144486286F523D00990936 /* Build configuration list for PBXNativeTarget "Sharing" */ = {
			isa = XCConfigurationList;
			buildConfigurations = (
				2B144487286F523D00990936 /* Debug */,
				2B144488286F523D00990936 /* Release */,
			);
			defaultConfigurationIsVisible = 0;
			defaultConfigurationName = Release;
		};
		2B6C8CB8286E182800A1CB8F /* Build configuration list for PBXNativeTarget "WhisperTests" */ = {
			isa = XCConfigurationList;
			buildConfigurations = (
				2B6C8CB9286E182800A1CB8F /* Debug */,
				2B6C8CBA286E182800A1CB8F /* Release */,
			);
			defaultConfigurationIsVisible = 0;
			defaultConfigurationName = Release;
		};
		2BEC9344286869AA00B0BCCF /* Build configuration list for PBXProject "Whisper" */ = {
			isa = XCConfigurationList;
			buildConfigurations = (
				2BEC9355286869AD00B0BCCF /* Debug */,
				2BEC9356286869AD00B0BCCF /* Release */,
			);
			defaultConfigurationIsVisible = 0;
			defaultConfigurationName = Release;
		};
		2BEC9357286869AD00B0BCCF /* Build configuration list for PBXNativeTarget "Whisper" */ = {
			isa = XCConfigurationList;
			buildConfigurations = (
				2BEC9358286869AD00B0BCCF /* Debug */,
				2BEC9359286869AD00B0BCCF /* Release */,
			);
			defaultConfigurationIsVisible = 0;
			defaultConfigurationName = Release;
		};
/* End XCConfigurationList section */
	};
	rootObject = 2BEC9341286869AA00B0BCCF /* Project object */;
}
