// !$*UTF8*$!
{
	archiveVersion = 1;
	classes = {
	};
	objectVersion = 55;
	objects = {

/* Begin PBXBuildFile section */
		2B088512286B460F00997C1D /* ComposeMessageView.swift in Sources */ = {isa = PBXBuildFile; fileRef = 2B088511286B460F00997C1D /* ComposeMessageView.swift */; };
		2B394CF8286B802D007EBE92 /* SelectContactsView.swift in Sources */ = {isa = PBXBuildFile; fileRef = 2B394CF7286B802D007EBE92 /* SelectContactsView.swift */; };
		2B9830E52868BADB000B26DE /* Curve25519.swift in Sources */ = {isa = PBXBuildFile; fileRef = 2B9830E42868BADB000B26DE /* Curve25519.swift */; };
		2BC11A9C2868C3000002D61D /* WelcomeView.swift in Sources */ = {isa = PBXBuildFile; fileRef = 2BC11A9B2868C3000002D61D /* WelcomeView.swift */; };
		2BC11A9E286900A60002D61D /* NewContact.swift in Sources */ = {isa = PBXBuildFile; fileRef = 2BC11A9D286900A60002D61D /* NewContact.swift */; };
		2BC11AA02869F4710002D61D /* ContactsList.swift in Sources */ = {isa = PBXBuildFile; fileRef = 2BC11A9F2869F4710002D61D /* ContactsList.swift */; };
		2BEC934D286869AB00B0BCCF /* WhisperApp.swift in Sources */ = {isa = PBXBuildFile; fileRef = 2BEC934C286869AB00B0BCCF /* WhisperApp.swift */; };
		2BEC934F286869AB00B0BCCF /* ContentView.swift in Sources */ = {isa = PBXBuildFile; fileRef = 2BEC934E286869AB00B0BCCF /* ContentView.swift */; };
		2BEC9351286869AD00B0BCCF /* Assets.xcassets in Resources */ = {isa = PBXBuildFile; fileRef = 2BEC9350286869AD00B0BCCF /* Assets.xcassets */; };
		2BEC9354286869AD00B0BCCF /* Preview Assets.xcassets in Resources */ = {isa = PBXBuildFile; fileRef = 2BEC9353286869AD00B0BCCF /* Preview Assets.xcassets */; };
		2BEC935D28686D1700B0BCCF /* ContactsView.swift in Sources */ = {isa = PBXBuildFile; fileRef = 2BEC935C28686D1700B0BCCF /* ContactsView.swift */; };
		2BEC935F28686E5D00B0BCCF /* MessagesView.swift in Sources */ = {isa = PBXBuildFile; fileRef = 2BEC935E28686E5D00B0BCCF /* MessagesView.swift */; };
		2BEC9361286877EB00B0BCCF /* SettingsView.swift in Sources */ = {isa = PBXBuildFile; fileRef = 2BEC9360286877EB00B0BCCF /* SettingsView.swift */; };
		2BEC9363286878C300B0BCCF /* ContactDetailsView.swift in Sources */ = {isa = PBXBuildFile; fileRef = 2BEC9362286878C300B0BCCF /* ContactDetailsView.swift */; };
		2BEC936728687C0700B0BCCF /* ContactRow.swift in Sources */ = {isa = PBXBuildFile; fileRef = 2BEC936628687C0700B0BCCF /* ContactRow.swift */; };
/* End PBXBuildFile section */

/* Begin PBXFileReference section */
		2B088511286B460F00997C1D /* ComposeMessageView.swift */ = {isa = PBXFileReference; lastKnownFileType = sourcecode.swift; path = ComposeMessageView.swift; sourceTree = "<group>"; };
		2B328592286CBEDD00E0D036 /* README.md */ = {isa = PBXFileReference; lastKnownFileType = net.daringfireball.markdown; path = README.md; sourceTree = "<group>"; };
		2B394CF7286B802D007EBE92 /* SelectContactsView.swift */ = {isa = PBXFileReference; lastKnownFileType = sourcecode.swift; path = SelectContactsView.swift; sourceTree = "<group>"; };
		2B9830E42868BADB000B26DE /* Curve25519.swift */ = {isa = PBXFileReference; lastKnownFileType = sourcecode.swift; path = Curve25519.swift; sourceTree = "<group>"; };
		2BC11A9B2868C3000002D61D /* WelcomeView.swift */ = {isa = PBXFileReference; lastKnownFileType = sourcecode.swift; path = WelcomeView.swift; sourceTree = "<group>"; };
		2BC11A9D286900A60002D61D /* NewContact.swift */ = {isa = PBXFileReference; lastKnownFileType = sourcecode.swift; path = NewContact.swift; sourceTree = "<group>"; };
		2BC11A9F2869F4710002D61D /* ContactsList.swift */ = {isa = PBXFileReference; fileEncoding = 4; lastKnownFileType = sourcecode.swift; path = ContactsList.swift; sourceTree = "<group>"; };
		2BEC9349286869AA00B0BCCF /* Whisper.app */ = {isa = PBXFileReference; explicitFileType = wrapper.application; includeInIndex = 0; path = Whisper.app; sourceTree = BUILT_PRODUCTS_DIR; };
		2BEC934C286869AB00B0BCCF /* WhisperApp.swift */ = {isa = PBXFileReference; lastKnownFileType = sourcecode.swift; path = WhisperApp.swift; sourceTree = "<group>"; };
		2BEC934E286869AB00B0BCCF /* ContentView.swift */ = {isa = PBXFileReference; lastKnownFileType = sourcecode.swift; path = ContentView.swift; sourceTree = "<group>"; };
		2BEC9350286869AD00B0BCCF /* Assets.xcassets */ = {isa = PBXFileReference; lastKnownFileType = folder.assetcatalog; path = Assets.xcassets; sourceTree = "<group>"; };
		2BEC9353286869AD00B0BCCF /* Preview Assets.xcassets */ = {isa = PBXFileReference; lastKnownFileType = folder.assetcatalog; path = "Preview Assets.xcassets"; sourceTree = "<group>"; };
		2BEC935C28686D1700B0BCCF /* ContactsView.swift */ = {isa = PBXFileReference; lastKnownFileType = sourcecode.swift; path = ContactsView.swift; sourceTree = "<group>"; };
		2BEC935E28686E5D00B0BCCF /* MessagesView.swift */ = {isa = PBXFileReference; lastKnownFileType = sourcecode.swift; path = MessagesView.swift; sourceTree = "<group>"; };
		2BEC9360286877EB00B0BCCF /* SettingsView.swift */ = {isa = PBXFileReference; fileEncoding = 4; lastKnownFileType = sourcecode.swift; path = SettingsView.swift; sourceTree = "<group>"; };
		2BEC9362286878C300B0BCCF /* ContactDetailsView.swift */ = {isa = PBXFileReference; lastKnownFileType = sourcecode.swift; path = ContactDetailsView.swift; sourceTree = "<group>"; };
		2BEC936628687C0700B0BCCF /* ContactRow.swift */ = {isa = PBXFileReference; lastKnownFileType = sourcecode.swift; path = ContactRow.swift; sourceTree = "<group>"; };
/* End PBXFileReference section */

/* Begin PBXFrameworksBuildPhase section */
		2BEC9346286869AA00B0BCCF /* Frameworks */ = {
			isa = PBXFrameworksBuildPhase;
			buildActionMask = 2147483647;
			files = (
			);
			runOnlyForDeploymentPostprocessing = 0;
		};
/* End PBXFrameworksBuildPhase section */

/* Begin PBXGroup section */
		2B088510286B3DC100997C1D /* Contacts */ = {
			isa = PBXGroup;
			children = (
				2BC11A9D286900A60002D61D /* NewContact.swift */,
				2BEC936628687C0700B0BCCF /* ContactRow.swift */,
				2BC11A9F2869F4710002D61D /* ContactsList.swift */,
				2BEC9362286878C300B0BCCF /* ContactDetailsView.swift */,
				2BEC935C28686D1700B0BCCF /* ContactsView.swift */,
				2B394CF7286B802D007EBE92 /* SelectContactsView.swift */,
			);
			path = Contacts;
			sourceTree = "<group>";
		};
		2B62169D286A2E0B00106F1B /* Messages */ = {
			isa = PBXGroup;
			children = (
				2BEC935E28686E5D00B0BCCF /* MessagesView.swift */,
				2B088511286B460F00997C1D /* ComposeMessageView.swift */,
			);
			path = Messages;
			sourceTree = "<group>";
		};
		2B9830E62868BBC4000B26DE /* Crypto */ = {
			isa = PBXGroup;
			children = (
				2B9830E42868BADB000B26DE /* Curve25519.swift */,
			);
			path = Crypto;
			sourceTree = "<group>";
		};
		2BC11A9A2868C2D40002D61D /* Welcome */ = {
			isa = PBXGroup;
			children = (
				2BC11A9B2868C3000002D61D /* WelcomeView.swift */,
			);
			path = Welcome;
			sourceTree = "<group>";
		};
		2BC11AA12869F7230002D61D /* Settings */ = {
			isa = PBXGroup;
			children = (
				2BEC9360286877EB00B0BCCF /* SettingsView.swift */,
			);
			path = Settings;
			sourceTree = "<group>";
		};
		2BEC9340286869AA00B0BCCF = {
			isa = PBXGroup;
			children = (
				2BEC934A286869AA00B0BCCF /* Products */,
				2BEC934B286869AA00B0BCCF /* Whisper */,
			);
			sourceTree = "<group>";
		};
		2BEC934A286869AA00B0BCCF /* Products */ = {
			isa = PBXGroup;
			children = (
				2BEC9349286869AA00B0BCCF /* Whisper.app */,
			);
			name = Products;
			sourceTree = "<group>";
		};
		2BEC934B286869AA00B0BCCF /* Whisper */ = {
			isa = PBXGroup;
			children = (
				2B088510286B3DC100997C1D /* Contacts */,
				2B62169D286A2E0B00106F1B /* Messages */,
				2BC11AA12869F7230002D61D /* Settings */,
				2BC11A9A2868C2D40002D61D /* Welcome */,
				2BEC934C286869AB00B0BCCF /* WhisperApp.swift */,
				2BEC934E286869AB00B0BCCF /* ContentView.swift */,
				2BEC9350286869AD00B0BCCF /* Assets.xcassets */,
				2BEC9352286869AD00B0BCCF /* Preview Content */,
				2B9830E62868BBC4000B26DE /* Crypto */,
				2B328592286CBEDD00E0D036 /* README.md */,
			);
			path = Whisper;
			sourceTree = "<group>";
		};
		2BEC9352286869AD00B0BCCF /* Preview Content */ = {
			isa = PBXGroup;
			children = (
				2BEC9353286869AD00B0BCCF /* Preview Assets.xcassets */,
			);
			path = "Preview Content";
			sourceTree = "<group>";
		};
/* End PBXGroup section */

/* Begin PBXNativeTarget section */
		2BEC9348286869AA00B0BCCF /* Whisper */ = {
			isa = PBXNativeTarget;
			buildConfigurationList = 2BEC9357286869AD00B0BCCF /* Build configuration list for PBXNativeTarget "Whisper" */;
			buildPhases = (
				2BEC9345286869AA00B0BCCF /* Sources */,
				2BEC9346286869AA00B0BCCF /* Frameworks */,
				2BEC9347286869AA00B0BCCF /* Resources */,
			);
			buildRules = (
			);
			dependencies = (
			);
			name = Whisper;
			productName = Whisper;
			productReference = 2BEC9349286869AA00B0BCCF /* Whisper.app */;
			productType = "com.apple.product-type.application";
		};
/* End PBXNativeTarget section */

/* Begin PBXProject section */
		2BEC9341286869AA00B0BCCF /* Project object */ = {
			isa = PBXProject;
			attributes = {
				BuildIndependentTargetsInParallel = 1;
				LastSwiftUpdateCheck = 1340;
				LastUpgradeCheck = 1340;
				TargetAttributes = {
					2BEC9348286869AA00B0BCCF = {
						CreatedOnToolsVersion = 13.4.1;
					};
				};
			};
			buildConfigurationList = 2BEC9344286869AA00B0BCCF /* Build configuration list for PBXProject "Whisper" */;
			compatibilityVersion = "Xcode 13.0";
			developmentRegion = en;
			hasScannedForEncodings = 0;
			knownRegions = (
				en,
				Base,
			);
			mainGroup = 2BEC9340286869AA00B0BCCF;
			productRefGroup = 2BEC934A286869AA00B0BCCF /* Products */;
			projectDirPath = "";
			projectRoot = "";
			targets = (
				2BEC9348286869AA00B0BCCF /* Whisper */,
			);
		};
/* End PBXProject section */

/* Begin PBXResourcesBuildPhase section */
		2BEC9347286869AA00B0BCCF /* Resources */ = {
			isa = PBXResourcesBuildPhase;
			buildActionMask = 2147483647;
			files = (
				2BEC9354286869AD00B0BCCF /* Preview Assets.xcassets in Resources */,
				2BEC9351286869AD00B0BCCF /* Assets.xcassets in Resources */,
			);
			runOnlyForDeploymentPostprocessing = 0;
		};
/* End PBXResourcesBuildPhase section */

/* Begin PBXSourcesBuildPhase section */
		2BEC9345286869AA00B0BCCF /* Sources */ = {
			isa = PBXSourcesBuildPhase;
			buildActionMask = 2147483647;
			files = (
				2BEC9361286877EB00B0BCCF /* SettingsView.swift in Sources */,
				2BEC9363286878C300B0BCCF /* ContactDetailsView.swift in Sources */,
				2BEC935F28686E5D00B0BCCF /* MessagesView.swift in Sources */,
				2BC11A9E286900A60002D61D /* NewContact.swift in Sources */,
				2BEC935D28686D1700B0BCCF /* ContactsView.swift in Sources */,
				2BEC934F286869AB00B0BCCF /* ContentView.swift in Sources */,
				2BC11A9C2868C3000002D61D /* WelcomeView.swift in Sources */,
				2B9830E52868BADB000B26DE /* Curve25519.swift in Sources */,
				2BEC934D286869AB00B0BCCF /* WhisperApp.swift in Sources */,
				2B088512286B460F00997C1D /* ComposeMessageView.swift in Sources */,
				2BEC936728687C0700B0BCCF /* ContactRow.swift in Sources */,
				2B394CF8286B802D007EBE92 /* SelectContactsView.swift in Sources */,
				2BC11AA02869F4710002D61D /* ContactsList.swift in Sources */,
			);
			runOnlyForDeploymentPostprocessing = 0;
		};
/* End PBXSourcesBuildPhase section */

/* Begin XCBuildConfiguration section */
		2BEC9355286869AD00B0BCCF /* Debug */ = {
			isa = XCBuildConfiguration;
			buildSettings = {
				ALWAYS_SEARCH_USER_PATHS = NO;
				CLANG_ANALYZER_NONNULL = YES;
				CLANG_ANALYZER_NUMBER_OBJECT_CONVERSION = YES_AGGRESSIVE;
				CLANG_CXX_LANGUAGE_STANDARD = "gnu++17";
				CLANG_ENABLE_MODULES = YES;
				CLANG_ENABLE_OBJC_ARC = YES;
				CLANG_ENABLE_OBJC_WEAK = YES;
				CLANG_WARN_BLOCK_CAPTURE_AUTORELEASING = YES;
				CLANG_WARN_BOOL_CONVERSION = YES;
				CLANG_WARN_COMMA = YES;
				CLANG_WARN_CONSTANT_CONVERSION = YES;
				CLANG_WARN_DEPRECATED_OBJC_IMPLEMENTATIONS = YES;
				CLANG_WARN_DIRECT_OBJC_ISA_USAGE = YES_ERROR;
				CLANG_WARN_DOCUMENTATION_COMMENTS = YES;
				CLANG_WARN_EMPTY_BODY = YES;
				CLANG_WARN_ENUM_CONVERSION = YES;
				CLANG_WARN_INFINITE_RECURSION = YES;
				CLANG_WARN_INT_CONVERSION = YES;
				CLANG_WARN_NON_LITERAL_NULL_CONVERSION = YES;
				CLANG_WARN_OBJC_IMPLICIT_RETAIN_SELF = YES;
				CLANG_WARN_OBJC_LITERAL_CONVERSION = YES;
				CLANG_WARN_OBJC_ROOT_CLASS = YES_ERROR;
				CLANG_WARN_QUOTED_INCLUDE_IN_FRAMEWORK_HEADER = YES;
				CLANG_WARN_RANGE_LOOP_ANALYSIS = YES;
				CLANG_WARN_STRICT_PROTOTYPES = YES;
				CLANG_WARN_SUSPICIOUS_MOVE = YES;
				CLANG_WARN_UNGUARDED_AVAILABILITY = YES_AGGRESSIVE;
				CLANG_WARN_UNREACHABLE_CODE = YES;
				CLANG_WARN__DUPLICATE_METHOD_MATCH = YES;
				COPY_PHASE_STRIP = NO;
				DEBUG_INFORMATION_FORMAT = dwarf;
				ENABLE_STRICT_OBJC_MSGSEND = YES;
				ENABLE_TESTABILITY = YES;
				GCC_C_LANGUAGE_STANDARD = gnu11;
				GCC_DYNAMIC_NO_PIC = NO;
				GCC_NO_COMMON_BLOCKS = YES;
				GCC_OPTIMIZATION_LEVEL = 0;
				GCC_PREPROCESSOR_DEFINITIONS = (
					"DEBUG=1",
					"$(inherited)",
				);
				GCC_WARN_64_TO_32_BIT_CONVERSION = YES;
				GCC_WARN_ABOUT_RETURN_TYPE = YES_ERROR;
				GCC_WARN_UNDECLARED_SELECTOR = YES;
				GCC_WARN_UNINITIALIZED_AUTOS = YES_AGGRESSIVE;
				GCC_WARN_UNUSED_FUNCTION = YES;
				GCC_WARN_UNUSED_VARIABLE = YES;
				IPHONEOS_DEPLOYMENT_TARGET = 15.5;
				MTL_ENABLE_DEBUG_INFO = INCLUDE_SOURCE;
				MTL_FAST_MATH = YES;
				ONLY_ACTIVE_ARCH = YES;
				SDKROOT = iphoneos;
				SWIFT_ACTIVE_COMPILATION_CONDITIONS = DEBUG;
				SWIFT_OPTIMIZATION_LEVEL = "-Onone";
			};
			name = Debug;
		};
		2BEC9356286869AD00B0BCCF /* Release */ = {
			isa = XCBuildConfiguration;
			buildSettings = {
				ALWAYS_SEARCH_USER_PATHS = NO;
				CLANG_ANALYZER_NONNULL = YES;
				CLANG_ANALYZER_NUMBER_OBJECT_CONVERSION = YES_AGGRESSIVE;
				CLANG_CXX_LANGUAGE_STANDARD = "gnu++17";
				CLANG_ENABLE_MODULES = YES;
				CLANG_ENABLE_OBJC_ARC = YES;
				CLANG_ENABLE_OBJC_WEAK = YES;
				CLANG_WARN_BLOCK_CAPTURE_AUTORELEASING = YES;
				CLANG_WARN_BOOL_CONVERSION = YES;
				CLANG_WARN_COMMA = YES;
				CLANG_WARN_CONSTANT_CONVERSION = YES;
				CLANG_WARN_DEPRECATED_OBJC_IMPLEMENTATIONS = YES;
				CLANG_WARN_DIRECT_OBJC_ISA_USAGE = YES_ERROR;
				CLANG_WARN_DOCUMENTATION_COMMENTS = YES;
				CLANG_WARN_EMPTY_BODY = YES;
				CLANG_WARN_ENUM_CONVERSION = YES;
				CLANG_WARN_INFINITE_RECURSION = YES;
				CLANG_WARN_INT_CONVERSION = YES;
				CLANG_WARN_NON_LITERAL_NULL_CONVERSION = YES;
				CLANG_WARN_OBJC_IMPLICIT_RETAIN_SELF = YES;
				CLANG_WARN_OBJC_LITERAL_CONVERSION = YES;
				CLANG_WARN_OBJC_ROOT_CLASS = YES_ERROR;
				CLANG_WARN_QUOTED_INCLUDE_IN_FRAMEWORK_HEADER = YES;
				CLANG_WARN_RANGE_LOOP_ANALYSIS = YES;
				CLANG_WARN_STRICT_PROTOTYPES = YES;
				CLANG_WARN_SUSPICIOUS_MOVE = YES;
				CLANG_WARN_UNGUARDED_AVAILABILITY = YES_AGGRESSIVE;
				CLANG_WARN_UNREACHABLE_CODE = YES;
				CLANG_WARN__DUPLICATE_METHOD_MATCH = YES;
				COPY_PHASE_STRIP = NO;
				DEBUG_INFORMATION_FORMAT = "dwarf-with-dsym";
				ENABLE_NS_ASSERTIONS = NO;
				ENABLE_STRICT_OBJC_MSGSEND = YES;
				GCC_C_LANGUAGE_STANDARD = gnu11;
				GCC_NO_COMMON_BLOCKS = YES;
				GCC_WARN_64_TO_32_BIT_CONVERSION = YES;
				GCC_WARN_ABOUT_RETURN_TYPE = YES_ERROR;
				GCC_WARN_UNDECLARED_SELECTOR = YES;
				GCC_WARN_UNINITIALIZED_AUTOS = YES_AGGRESSIVE;
				GCC_WARN_UNUSED_FUNCTION = YES;
				GCC_WARN_UNUSED_VARIABLE = YES;
				IPHONEOS_DEPLOYMENT_TARGET = 15.5;
				MTL_ENABLE_DEBUG_INFO = NO;
				MTL_FAST_MATH = YES;
				SDKROOT = iphoneos;
				SWIFT_COMPILATION_MODE = wholemodule;
				SWIFT_OPTIMIZATION_LEVEL = "-O";
				VALIDATE_PRODUCT = YES;
			};
			name = Release;
		};
		2BEC9358286869AD00B0BCCF /* Debug */ = {
			isa = XCBuildConfiguration;
			buildSettings = {
				ASSETCATALOG_COMPILER_APPICON_NAME = AppIcon;
				ASSETCATALOG_COMPILER_GLOBAL_ACCENT_COLOR_NAME = AccentColor;
				CODE_SIGN_STYLE = Automatic;
				CURRENT_PROJECT_VERSION = 1;
				DEVELOPMENT_ASSET_PATHS = "\"Whisper/Preview Content\"";
				DEVELOPMENT_TEAM = U7W7348666;
				ENABLE_PREVIEWS = YES;
				GENERATE_INFOPLIST_FILE = YES;
				INFOPLIST_KEY_UIApplicationSceneManifest_Generation = YES;
				INFOPLIST_KEY_UIApplicationSupportsIndirectInputEvents = YES;
				INFOPLIST_KEY_UILaunchScreen_Generation = YES;
				INFOPLIST_KEY_UISupportedInterfaceOrientations_iPad = "UIInterfaceOrientationPortrait UIInterfaceOrientationPortraitUpsideDown UIInterfaceOrientationLandscapeLeft UIInterfaceOrientationLandscapeRight";
				INFOPLIST_KEY_UISupportedInterfaceOrientations_iPhone = "UIInterfaceOrientationPortrait UIInterfaceOrientationLandscapeLeft UIInterfaceOrientationLandscapeRight";
				LD_RUNPATH_SEARCH_PATHS = (
					"$(inherited)",
					"@executable_path/Frameworks",
				);
				MARKETING_VERSION = 1.0;
				PRODUCT_BUNDLE_IDENTIFIER = com.twofei.Whisper;
				PRODUCT_NAME = "$(TARGET_NAME)";
				SWIFT_EMIT_LOC_STRINGS = YES;
				SWIFT_VERSION = 5.0;
				TARGETED_DEVICE_FAMILY = "1,2";
			};
			name = Debug;
		};
		2BEC9359286869AD00B0BCCF /* Release */ = {
			isa = XCBuildConfiguration;
			buildSettings = {
				ASSETCATALOG_COMPILER_APPICON_NAME = AppIcon;
				ASSETCATALOG_COMPILER_GLOBAL_ACCENT_COLOR_NAME = AccentColor;
				CODE_SIGN_IDENTITY = "Apple Development";
				CODE_SIGN_STYLE = Automatic;
				CURRENT_PROJECT_VERSION = 1;
				DEVELOPMENT_ASSET_PATHS = "\"Whisper/Preview Content\"";
				DEVELOPMENT_TEAM = U7W7348666;
				ENABLE_PREVIEWS = YES;
				GENERATE_INFOPLIST_FILE = YES;
				INFOPLIST_KEY_UIApplicationSceneManifest_Generation = YES;
				INFOPLIST_KEY_UIApplicationSupportsIndirectInputEvents = YES;
				INFOPLIST_KEY_UILaunchScreen_Generation = YES;
				INFOPLIST_KEY_UISupportedInterfaceOrientations_iPad = "UIInterfaceOrientationPortrait UIInterfaceOrientationPortraitUpsideDown UIInterfaceOrientationLandscapeLeft UIInterfaceOrientationLandscapeRight";
				INFOPLIST_KEY_UISupportedInterfaceOrientations_iPhone = "UIInterfaceOrientationPortrait UIInterfaceOrientationLandscapeLeft UIInterfaceOrientationLandscapeRight";
				LD_RUNPATH_SEARCH_PATHS = (
					"$(inherited)",
					"@executable_path/Frameworks",
				);
				MARKETING_VERSION = 1.0;
				PRODUCT_BUNDLE_IDENTIFIER = com.twofei.Whisper;
				PRODUCT_NAME = "$(TARGET_NAME)";
				PROVISIONING_PROFILE_SPECIFIER = "";
				SWIFT_EMIT_LOC_STRINGS = YES;
				SWIFT_VERSION = 5.0;
				TARGETED_DEVICE_FAMILY = "1,2";
			};
			name = Release;
		};
/* End XCBuildConfiguration section */

/* Begin XCConfigurationList section */
		2BEC9344286869AA00B0BCCF /* Build configuration list for PBXProject "Whisper" */ = {
			isa = XCConfigurationList;
			buildConfigurations = (
				2BEC9355286869AD00B0BCCF /* Debug */,
				2BEC9356286869AD00B0BCCF /* Release */,
			);
			defaultConfigurationIsVisible = 0;
			defaultConfigurationName = Release;
		};
		2BEC9357286869AD00B0BCCF /* Build configuration list for PBXNativeTarget "Whisper" */ = {
			isa = XCConfigurationList;
			buildConfigurations = (
				2BEC9358286869AD00B0BCCF /* Debug */,
				2BEC9359286869AD00B0BCCF /* Release */,
			);
			defaultConfigurationIsVisible = 0;
			defaultConfigurationName = Release;
		};
/* End XCConfigurationList section */
	};
	rootObject = 2BEC9341286869AA00B0BCCF /* Project object */;
}
